// !$*UTF8*$!
{
	archiveVersion = 1;
	classes = {
	};
	objectVersion = 56;
	objects = {

/* Begin PBXBuildFile section */
		0003A7552989208700890B0B /* AssesmentTaskApp.swift in Sources */ = {isa = PBXBuildFile; fileRef = 0003A7542989208700890B0B /* AssesmentTaskApp.swift */; };
		0003A7572989208700890B0B /* MoviesListView.swift in Sources */ = {isa = PBXBuildFile; fileRef = 0003A7562989208700890B0B /* MoviesListView.swift */; };
		0003A7592989208A00890B0B /* Assets.xcassets in Resources */ = {isa = PBXBuildFile; fileRef = 0003A7582989208A00890B0B /* Assets.xcassets */; };
		0003A75D2989208A00890B0B /* Preview Assets.xcassets in Resources */ = {isa = PBXBuildFile; fileRef = 0003A75C2989208A00890B0B /* Preview Assets.xcassets */; };
		0003A7672989208A00890B0B /* AssesmentTaskTests.swift in Sources */ = {isa = PBXBuildFile; fileRef = 0003A7662989208A00890B0B /* AssesmentTaskTests.swift */; };
		0003A7712989208A00890B0B /* AssesmentTaskUITests.swift in Sources */ = {isa = PBXBuildFile; fileRef = 0003A7702989208A00890B0B /* AssesmentTaskUITests.swift */; };
		0003A7732989208A00890B0B /* AssesmentTaskUITestsLaunchTests.swift in Sources */ = {isa = PBXBuildFile; fileRef = 0003A7722989208A00890B0B /* AssesmentTaskUITestsLaunchTests.swift */; };
		0003A7802989AB9200890B0B /* MovieRowView.swift in Sources */ = {isa = PBXBuildFile; fileRef = 0003A77F2989AB9200890B0B /* MovieRowView.swift */; };
		0003A786298A7B2C00890B0B /* WebServices.swift in Sources */ = {isa = PBXBuildFile; fileRef = 0003A785298A7B2C00890B0B /* WebServices.swift */; };
		0003A789298A9C5700890B0B /* MoviesListModel.swift in Sources */ = {isa = PBXBuildFile; fileRef = 0003A788298A9C5700890B0B /* MoviesListModel.swift */; };
		0003A78B298A9F0D00890B0B /* MoviesListViewModel.swift in Sources */ = {isa = PBXBuildFile; fileRef = 0003A78A298A9F0D00890B0B /* MoviesListViewModel.swift */; };
		0003A78E298A9FFF00890B0B /* Constants.swift in Sources */ = {isa = PBXBuildFile; fileRef = 0003A78D298A9FFF00890B0B /* Constants.swift */; };
		0003A791298AF87C00890B0B /* MovieDetailView.swift in Sources */ = {isa = PBXBuildFile; fileRef = 0003A790298AF87C00890B0B /* MovieDetailView.swift */; };
		0003A793298AFBD000890B0B /* MovieDetailViewModel.swift in Sources */ = {isa = PBXBuildFile; fileRef = 0003A792298AFBD000890B0B /* MovieDetailViewModel.swift */; };
/* End PBXBuildFile section */

/* Begin PBXContainerItemProxy section */
		0003A7632989208A00890B0B /* PBXContainerItemProxy */ = {
			isa = PBXContainerItemProxy;
			containerPortal = 0003A7492989208700890B0B /* Project object */;
			proxyType = 1;
			remoteGlobalIDString = 0003A7502989208700890B0B;
			remoteInfo = AssesmentTask;
		};
		0003A76D2989208A00890B0B /* PBXContainerItemProxy */ = {
			isa = PBXContainerItemProxy;
			containerPortal = 0003A7492989208700890B0B /* Project object */;
			proxyType = 1;
			remoteGlobalIDString = 0003A7502989208700890B0B;
			remoteInfo = AssesmentTask;
		};
/* End PBXContainerItemProxy section */

/* Begin PBXFileReference section */
		0003A7512989208700890B0B /* AssesmentTask.app */ = {isa = PBXFileReference; explicitFileType = wrapper.application; includeInIndex = 0; path = AssesmentTask.app; sourceTree = BUILT_PRODUCTS_DIR; };
		0003A7542989208700890B0B /* AssesmentTaskApp.swift */ = {isa = PBXFileReference; lastKnownFileType = sourcecode.swift; path = AssesmentTaskApp.swift; sourceTree = "<group>"; };
		0003A7562989208700890B0B /* MoviesListView.swift */ = {isa = PBXFileReference; lastKnownFileType = sourcecode.swift; path = MoviesListView.swift; sourceTree = "<group>"; };
		0003A7582989208A00890B0B /* Assets.xcassets */ = {isa = PBXFileReference; lastKnownFileType = folder.assetcatalog; path = Assets.xcassets; sourceTree = "<group>"; };
		0003A75A2989208A00890B0B /* AssesmentTask.entitlements */ = {isa = PBXFileReference; lastKnownFileType = text.plist.entitlements; path = AssesmentTask.entitlements; sourceTree = "<group>"; };
		0003A75C2989208A00890B0B /* Preview Assets.xcassets */ = {isa = PBXFileReference; lastKnownFileType = folder.assetcatalog; path = "Preview Assets.xcassets"; sourceTree = "<group>"; };
		0003A7622989208A00890B0B /* AssesmentTaskTests.xctest */ = {isa = PBXFileReference; explicitFileType = wrapper.cfbundle; includeInIndex = 0; path = AssesmentTaskTests.xctest; sourceTree = BUILT_PRODUCTS_DIR; };
		0003A7662989208A00890B0B /* AssesmentTaskTests.swift */ = {isa = PBXFileReference; lastKnownFileType = sourcecode.swift; path = AssesmentTaskTests.swift; sourceTree = "<group>"; };
		0003A76C2989208A00890B0B /* AssesmentTaskUITests.xctest */ = {isa = PBXFileReference; explicitFileType = wrapper.cfbundle; includeInIndex = 0; path = AssesmentTaskUITests.xctest; sourceTree = BUILT_PRODUCTS_DIR; };
		0003A7702989208A00890B0B /* AssesmentTaskUITests.swift */ = {isa = PBXFileReference; lastKnownFileType = sourcecode.swift; path = AssesmentTaskUITests.swift; sourceTree = "<group>"; };
		0003A7722989208A00890B0B /* AssesmentTaskUITestsLaunchTests.swift */ = {isa = PBXFileReference; lastKnownFileType = sourcecode.swift; path = AssesmentTaskUITestsLaunchTests.swift; sourceTree = "<group>"; };
		0003A77F2989AB9200890B0B /* MovieRowView.swift */ = {isa = PBXFileReference; lastKnownFileType = sourcecode.swift; path = MovieRowView.swift; sourceTree = "<group>"; };
		0003A785298A7B2C00890B0B /* WebServices.swift */ = {isa = PBXFileReference; lastKnownFileType = sourcecode.swift; path = WebServices.swift; sourceTree = "<group>"; };
		0003A788298A9C5700890B0B /* MoviesListModel.swift */ = {isa = PBXFileReference; lastKnownFileType = sourcecode.swift; path = MoviesListModel.swift; sourceTree = "<group>"; };
		0003A78A298A9F0D00890B0B /* MoviesListViewModel.swift */ = {isa = PBXFileReference; lastKnownFileType = sourcecode.swift; path = MoviesListViewModel.swift; sourceTree = "<group>"; };
		0003A78D298A9FFF00890B0B /* Constants.swift */ = {isa = PBXFileReference; lastKnownFileType = sourcecode.swift; path = Constants.swift; sourceTree = "<group>"; };
		0003A790298AF87C00890B0B /* MovieDetailView.swift */ = {isa = PBXFileReference; lastKnownFileType = sourcecode.swift; path = MovieDetailView.swift; sourceTree = "<group>"; };
		0003A792298AFBD000890B0B /* MovieDetailViewModel.swift */ = {isa = PBXFileReference; lastKnownFileType = sourcecode.swift; path = MovieDetailViewModel.swift; sourceTree = "<group>"; };
/* End PBXFileReference section */

/* Begin PBXFrameworksBuildPhase section */
		0003A74E2989208700890B0B /* Frameworks */ = {
			isa = PBXFrameworksBuildPhase;
			buildActionMask = 2147483647;
			files = (
			);
			runOnlyForDeploymentPostprocessing = 0;
		};
		0003A75F2989208A00890B0B /* Frameworks */ = {
			isa = PBXFrameworksBuildPhase;
			buildActionMask = 2147483647;
			files = (
			);
			runOnlyForDeploymentPostprocessing = 0;
		};
		0003A7692989208A00890B0B /* Frameworks */ = {
			isa = PBXFrameworksBuildPhase;
			buildActionMask = 2147483647;
			files = (
			);
			runOnlyForDeploymentPostprocessing = 0;
		};
/* End PBXFrameworksBuildPhase section */

/* Begin PBXGroup section */
		0003A7482989208700890B0B = {
			isa = PBXGroup;
			children = (
				0003A7532989208700890B0B /* AssesmentTask */,
				0003A7652989208A00890B0B /* AssesmentTaskTests */,
				0003A76F2989208A00890B0B /* AssesmentTaskUITests */,
				0003A7522989208700890B0B /* Products */,
			);
			sourceTree = "<group>";
		};
		0003A7522989208700890B0B /* Products */ = {
			isa = PBXGroup;
			children = (
				0003A7512989208700890B0B /* AssesmentTask.app */,
				0003A7622989208A00890B0B /* AssesmentTaskTests.xctest */,
				0003A76C2989208A00890B0B /* AssesmentTaskUITests.xctest */,
			);
			name = Products;
			sourceTree = "<group>";
		};
		0003A7532989208700890B0B /* AssesmentTask */ = {
			isa = PBXGroup;
			children = (
				0003A7542989208700890B0B /* AssesmentTaskApp.swift */,
				0003A784298A7B1F00890B0B /* Services */,
				0003A78C298A9FF300890B0B /* Utils */,
				0003A787298A9C4300890B0B /* Model */,
				0003A7812989AB9C00890B0B /* MoviesScene */,
				0003A78F298AF84E00890B0B /* MovieDetail */,
				0003A7582989208A00890B0B /* Assets.xcassets */,
				0003A75A2989208A00890B0B /* AssesmentTask.entitlements */,
				0003A75B2989208A00890B0B /* Preview Content */,
			);
			path = AssesmentTask;
			sourceTree = "<group>";
		};
		0003A75B2989208A00890B0B /* Preview Content */ = {
			isa = PBXGroup;
			children = (
				0003A75C2989208A00890B0B /* Preview Assets.xcassets */,
			);
			path = "Preview Content";
			sourceTree = "<group>";
		};
		0003A7652989208A00890B0B /* AssesmentTaskTests */ = {
			isa = PBXGroup;
			children = (
				0003A7662989208A00890B0B /* AssesmentTaskTests.swift */,
			);
			path = AssesmentTaskTests;
			sourceTree = "<group>";
		};
		0003A76F2989208A00890B0B /* AssesmentTaskUITests */ = {
			isa = PBXGroup;
			children = (
				0003A7702989208A00890B0B /* AssesmentTaskUITests.swift */,
				0003A7722989208A00890B0B /* AssesmentTaskUITestsLaunchTests.swift */,
			);
			path = AssesmentTaskUITests;
			sourceTree = "<group>";
		};
		0003A7812989AB9C00890B0B /* MoviesScene */ = {
			isa = PBXGroup;
			children = (
				0003A77F2989AB9200890B0B /* MovieRowView.swift */,
				0003A7562989208700890B0B /* MoviesListView.swift */,
				0003A78A298A9F0D00890B0B /* MoviesListViewModel.swift */,
			);
			path = MoviesScene;
			sourceTree = "<group>";
		};
		0003A784298A7B1F00890B0B /* Services */ = {
			isa = PBXGroup;
			children = (
				0003A785298A7B2C00890B0B /* WebServices.swift */,
			);
			path = Services;
			sourceTree = "<group>";
		};
		0003A787298A9C4300890B0B /* Model */ = {
			isa = PBXGroup;
			children = (
				0003A788298A9C5700890B0B /* MoviesListModel.swift */,
			);
			path = Model;
			sourceTree = "<group>";
		};
		0003A78C298A9FF300890B0B /* Utils */ = {
			isa = PBXGroup;
			children = (
				0003A78D298A9FFF00890B0B /* Constants.swift */,
			);
			path = Utils;
			sourceTree = "<group>";
		};
		0003A78F298AF84E00890B0B /* MovieDetail */ = {
			isa = PBXGroup;
			children = (
				0003A790298AF87C00890B0B /* MovieDetailView.swift */,
				0003A792298AFBD000890B0B /* MovieDetailViewModel.swift */,
			);
			path = MovieDetail;
			sourceTree = "<group>";
		};
/* End PBXGroup section */

/* Begin PBXNativeTarget section */
		0003A7502989208700890B0B /* AssesmentTask */ = {
			isa = PBXNativeTarget;
			buildConfigurationList = 0003A7762989208A00890B0B /* Build configuration list for PBXNativeTarget "AssesmentTask" */;
			buildPhases = (
				0003A74D2989208700890B0B /* Sources */,
				0003A74E2989208700890B0B /* Frameworks */,
				0003A74F2989208700890B0B /* Resources */,
			);
			buildRules = (
			);
			dependencies = (
			);
			name = AssesmentTask;
			productName = AssesmentTask;
			productReference = 0003A7512989208700890B0B /* AssesmentTask.app */;
			productType = "com.apple.product-type.application";
		};
		0003A7612989208A00890B0B /* AssesmentTaskTests */ = {
			isa = PBXNativeTarget;
			buildConfigurationList = 0003A7792989208A00890B0B /* Build configuration list for PBXNativeTarget "AssesmentTaskTests" */;
			buildPhases = (
				0003A75E2989208A00890B0B /* Sources */,
				0003A75F2989208A00890B0B /* Frameworks */,
				0003A7602989208A00890B0B /* Resources */,
			);
			buildRules = (
			);
			dependencies = (
				0003A7642989208A00890B0B /* PBXTargetDependency */,
			);
			name = AssesmentTaskTests;
			productName = AssesmentTaskTests;
			productReference = 0003A7622989208A00890B0B /* AssesmentTaskTests.xctest */;
			productType = "com.apple.product-type.bundle.unit-test";
		};
		0003A76B2989208A00890B0B /* AssesmentTaskUITests */ = {
			isa = PBXNativeTarget;
			buildConfigurationList = 0003A77C2989208A00890B0B /* Build configuration list for PBXNativeTarget "AssesmentTaskUITests" */;
			buildPhases = (
				0003A7682989208A00890B0B /* Sources */,
				0003A7692989208A00890B0B /* Frameworks */,
				0003A76A2989208A00890B0B /* Resources */,
			);
			buildRules = (
			);
			dependencies = (
				0003A76E2989208A00890B0B /* PBXTargetDependency */,
			);
			name = AssesmentTaskUITests;
			productName = AssesmentTaskUITests;
			productReference = 0003A76C2989208A00890B0B /* AssesmentTaskUITests.xctest */;
			productType = "com.apple.product-type.bundle.ui-testing";
		};
/* End PBXNativeTarget section */

/* Begin PBXProject section */
		0003A7492989208700890B0B /* Project object */ = {
			isa = PBXProject;
			attributes = {
				BuildIndependentTargetsInParallel = 1;
				LastSwiftUpdateCheck = 1420;
				LastUpgradeCheck = 1420;
				TargetAttributes = {
					0003A7502989208700890B0B = {
						CreatedOnToolsVersion = 14.2;
					};
					0003A7612989208A00890B0B = {
						CreatedOnToolsVersion = 14.2;
						TestTargetID = 0003A7502989208700890B0B;
					};
					0003A76B2989208A00890B0B = {
						CreatedOnToolsVersion = 14.2;
						TestTargetID = 0003A7502989208700890B0B;
					};
				};
			};
			buildConfigurationList = 0003A74C2989208700890B0B /* Build configuration list for PBXProject "AssesmentTask" */;
			compatibilityVersion = "Xcode 14.0";
			developmentRegion = en;
			hasScannedForEncodings = 0;
			knownRegions = (
				en,
				Base,
			);
			mainGroup = 0003A7482989208700890B0B;
			productRefGroup = 0003A7522989208700890B0B /* Products */;
			projectDirPath = "";
			projectRoot = "";
			targets = (
				0003A7502989208700890B0B /* AssesmentTask */,
				0003A7612989208A00890B0B /* AssesmentTaskTests */,
				0003A76B2989208A00890B0B /* AssesmentTaskUITests */,
			);
		};
/* End PBXProject section */

/* Begin PBXResourcesBuildPhase section */
		0003A74F2989208700890B0B /* Resources */ = {
			isa = PBXResourcesBuildPhase;
			buildActionMask = 2147483647;
			files = (
				0003A75D2989208A00890B0B /* Preview Assets.xcassets in Resources */,
				0003A7592989208A00890B0B /* Assets.xcassets in Resources */,
			);
			runOnlyForDeploymentPostprocessing = 0;
		};
		0003A7602989208A00890B0B /* Resources */ = {
			isa = PBXResourcesBuildPhase;
			buildActionMask = 2147483647;
			files = (
			);
			runOnlyForDeploymentPostprocessing = 0;
		};
		0003A76A2989208A00890B0B /* Resources */ = {
			isa = PBXResourcesBuildPhase;
			buildActionMask = 2147483647;
			files = (
			);
			runOnlyForDeploymentPostprocessing = 0;
		};
/* End PBXResourcesBuildPhase section */

/* Begin PBXSourcesBuildPhase section */
		0003A74D2989208700890B0B /* Sources */ = {
			isa = PBXSourcesBuildPhase;
			buildActionMask = 2147483647;
			files = (
				0003A7572989208700890B0B /* MoviesListView.swift in Sources */,
				0003A7802989AB9200890B0B /* MovieRowView.swift in Sources */,
				0003A789298A9C5700890B0B /* MoviesListModel.swift in Sources */,
				0003A786298A7B2C00890B0B /* WebServices.swift in Sources */,
				0003A78B298A9F0D00890B0B /* MoviesListViewModel.swift in Sources */,
				0003A7552989208700890B0B /* AssesmentTaskApp.swift in Sources */,
				0003A791298AF87C00890B0B /* MovieDetailView.swift in Sources */,
				0003A78E298A9FFF00890B0B /* Constants.swift in Sources */,
				0003A793298AFBD000890B0B /* MovieDetailViewModel.swift in Sources */,
			);
			runOnlyForDeploymentPostprocessing = 0;
		};
		0003A75E2989208A00890B0B /* Sources */ = {
			isa = PBXSourcesBuildPhase;
			buildActionMask = 2147483647;
			files = (
				0003A7672989208A00890B0B /* AssesmentTaskTests.swift in Sources */,
			);
			runOnlyForDeploymentPostprocessing = 0;
		};
		0003A7682989208A00890B0B /* Sources */ = {
			isa = PBXSourcesBuildPhase;
			buildActionMask = 2147483647;
			files = (
				0003A7712989208A00890B0B /* AssesmentTaskUITests.swift in Sources */,
				0003A7732989208A00890B0B /* AssesmentTaskUITestsLaunchTests.swift in Sources */,
			);
			runOnlyForDeploymentPostprocessing = 0;
		};
/* End PBXSourcesBuildPhase section */

/* Begin PBXTargetDependency section */
		0003A7642989208A00890B0B /* PBXTargetDependency */ = {
			isa = PBXTargetDependency;
			target = 0003A7502989208700890B0B /* AssesmentTask */;
			targetProxy = 0003A7632989208A00890B0B /* PBXContainerItemProxy */;
		};
		0003A76E2989208A00890B0B /* PBXTargetDependency */ = {
			isa = PBXTargetDependency;
			target = 0003A7502989208700890B0B /* AssesmentTask */;
			targetProxy = 0003A76D2989208A00890B0B /* PBXContainerItemProxy */;
		};
/* End PBXTargetDependency section */

/* Begin XCBuildConfiguration section */
		0003A7742989208A00890B0B /* Debug */ = {
			isa = XCBuildConfiguration;
			buildSettings = {
				ALWAYS_SEARCH_USER_PATHS = NO;
				CLANG_ANALYZER_NONNULL = YES;
				CLANG_ANALYZER_NUMBER_OBJECT_CONVERSION = YES_AGGRESSIVE;
				CLANG_CXX_LANGUAGE_STANDARD = "gnu++20";
				CLANG_ENABLE_MODULES = YES;
				CLANG_ENABLE_OBJC_ARC = YES;
				CLANG_ENABLE_OBJC_WEAK = YES;
				CLANG_WARN_BLOCK_CAPTURE_AUTORELEASING = YES;
				CLANG_WARN_BOOL_CONVERSION = YES;
				CLANG_WARN_COMMA = YES;
				CLANG_WARN_CONSTANT_CONVERSION = YES;
				CLANG_WARN_DEPRECATED_OBJC_IMPLEMENTATIONS = YES;
				CLANG_WARN_DIRECT_OBJC_ISA_USAGE = YES_ERROR;
				CLANG_WARN_DOCUMENTATION_COMMENTS = YES;
				CLANG_WARN_EMPTY_BODY = YES;
				CLANG_WARN_ENUM_CONVERSION = YES;
				CLANG_WARN_INFINITE_RECURSION = YES;
				CLANG_WARN_INT_CONVERSION = YES;
				CLANG_WARN_NON_LITERAL_NULL_CONVERSION = YES;
				CLANG_WARN_OBJC_IMPLICIT_RETAIN_SELF = YES;
				CLANG_WARN_OBJC_LITERAL_CONVERSION = YES;
				CLANG_WARN_OBJC_ROOT_CLASS = YES_ERROR;
				CLANG_WARN_QUOTED_INCLUDE_IN_FRAMEWORK_HEADER = YES;
				CLANG_WARN_RANGE_LOOP_ANALYSIS = YES;
				CLANG_WARN_STRICT_PROTOTYPES = YES;
				CLANG_WARN_SUSPICIOUS_MOVE = YES;
				CLANG_WARN_UNGUARDED_AVAILABILITY = YES_AGGRESSIVE;
				CLANG_WARN_UNREACHABLE_CODE = YES;
				CLANG_WARN__DUPLICATE_METHOD_MATCH = YES;
				COPY_PHASE_STRIP = NO;
				DEBUG_INFORMATION_FORMAT = dwarf;
				ENABLE_STRICT_OBJC_MSGSEND = YES;
				ENABLE_TESTABILITY = YES;
				GCC_C_LANGUAGE_STANDARD = gnu11;
				GCC_DYNAMIC_NO_PIC = NO;
				GCC_NO_COMMON_BLOCKS = YES;
				GCC_OPTIMIZATION_LEVEL = 0;
				GCC_PREPROCESSOR_DEFINITIONS = (
					"DEBUG=1",
					"$(inherited)",
				);
				GCC_WARN_64_TO_32_BIT_CONVERSION = YES;
				GCC_WARN_ABOUT_RETURN_TYPE = YES_ERROR;
				GCC_WARN_UNDECLARED_SELECTOR = YES;
				GCC_WARN_UNINITIALIZED_AUTOS = YES_AGGRESSIVE;
				GCC_WARN_UNUSED_FUNCTION = YES;
				GCC_WARN_UNUSED_VARIABLE = YES;
				MTL_ENABLE_DEBUG_INFO = INCLUDE_SOURCE;
				MTL_FAST_MATH = YES;
				ONLY_ACTIVE_ARCH = YES;
				SWIFT_ACTIVE_COMPILATION_CONDITIONS = DEBUG;
				SWIFT_OPTIMIZATION_LEVEL = "-Onone";
			};
			name = Debug;
		};
		0003A7752989208A00890B0B /* Release */ = {
			isa = XCBuildConfiguration;
			buildSettings = {
				ALWAYS_SEARCH_USER_PATHS = NO;
				CLANG_ANALYZER_NONNULL = YES;
				CLANG_ANALYZER_NUMBER_OBJECT_CONVERSION = YES_AGGRESSIVE;
				CLANG_CXX_LANGUAGE_STANDARD = "gnu++20";
				CLANG_ENABLE_MODULES = YES;
				CLANG_ENABLE_OBJC_ARC = YES;
				CLANG_ENABLE_OBJC_WEAK = YES;
				CLANG_WARN_BLOCK_CAPTURE_AUTORELEASING = YES;
				CLANG_WARN_BOOL_CONVERSION = YES;
				CLANG_WARN_COMMA = YES;
				CLANG_WARN_CONSTANT_CONVERSION = YES;
				CLANG_WARN_DEPRECATED_OBJC_IMPLEMENTATIONS = YES;
				CLANG_WARN_DIRECT_OBJC_ISA_USAGE = YES_ERROR;
				CLANG_WARN_DOCUMENTATION_COMMENTS = YES;
				CLANG_WARN_EMPTY_BODY = YES;
				CLANG_WARN_ENUM_CONVERSION = YES;
				CLANG_WARN_INFINITE_RECURSION = YES;
				CLANG_WARN_INT_CONVERSION = YES;
				CLANG_WARN_NON_LITERAL_NULL_CONVERSION = YES;
				CLANG_WARN_OBJC_IMPLICIT_RETAIN_SELF = YES;
				CLANG_WARN_OBJC_LITERAL_CONVERSION = YES;
				CLANG_WARN_OBJC_ROOT_CLASS = YES_ERROR;
				CLANG_WARN_QUOTED_INCLUDE_IN_FRAMEWORK_HEADER = YES;
				CLANG_WARN_RANGE_LOOP_ANALYSIS = YES;
				CLANG_WARN_STRICT_PROTOTYPES = YES;
				CLANG_WARN_SUSPICIOUS_MOVE = YES;
				CLANG_WARN_UNGUARDED_AVAILABILITY = YES_AGGRESSIVE;
				CLANG_WARN_UNREACHABLE_CODE = YES;
				CLANG_WARN__DUPLICATE_METHOD_MATCH = YES;
				COPY_PHASE_STRIP = NO;
				DEBUG_INFORMATION_FORMAT = "dwarf-with-dsym";
				ENABLE_NS_ASSERTIONS = NO;
				ENABLE_STRICT_OBJC_MSGSEND = YES;
				GCC_C_LANGUAGE_STANDARD = gnu11;
				GCC_NO_COMMON_BLOCKS = YES;
				GCC_WARN_64_TO_32_BIT_CONVERSION = YES;
				GCC_WARN_ABOUT_RETURN_TYPE = YES_ERROR;
				GCC_WARN_UNDECLARED_SELECTOR = YES;
				GCC_WARN_UNINITIALIZED_AUTOS = YES_AGGRESSIVE;
				GCC_WARN_UNUSED_FUNCTION = YES;
				GCC_WARN_UNUSED_VARIABLE = YES;
				MTL_ENABLE_DEBUG_INFO = NO;
				MTL_FAST_MATH = YES;
				SWIFT_COMPILATION_MODE = wholemodule;
				SWIFT_OPTIMIZATION_LEVEL = "-O";
			};
			name = Release;
		};
		0003A7772989208A00890B0B /* Debug */ = {
			isa = XCBuildConfiguration;
			buildSettings = {
				ASSETCATALOG_COMPILER_APPICON_NAME = AppIcon;
				ASSETCATALOG_COMPILER_GLOBAL_ACCENT_COLOR_NAME = AccentColor;
				CODE_SIGN_ENTITLEMENTS = AssesmentTask/AssesmentTask.entitlements;
				CODE_SIGN_STYLE = Automatic;
				CURRENT_PROJECT_VERSION = 1;
				DEVELOPMENT_ASSET_PATHS = "\"AssesmentTask/Preview Content\"";
				ENABLE_PREVIEWS = YES;
				GENERATE_INFOPLIST_FILE = YES;
				"INFOPLIST_KEY_UIApplicationSceneManifest_Generation[sdk=iphoneos*]" = YES;
				"INFOPLIST_KEY_UIApplicationSceneManifest_Generation[sdk=iphonesimulator*]" = YES;
				"INFOPLIST_KEY_UIApplicationSupportsIndirectInputEvents[sdk=iphoneos*]" = YES;
				"INFOPLIST_KEY_UIApplicationSupportsIndirectInputEvents[sdk=iphonesimulator*]" = YES;
				"INFOPLIST_KEY_UILaunchScreen_Generation[sdk=iphoneos*]" = YES;
				"INFOPLIST_KEY_UILaunchScreen_Generation[sdk=iphonesimulator*]" = YES;
				"INFOPLIST_KEY_UIStatusBarStyle[sdk=iphoneos*]" = UIStatusBarStyleDefault;
				"INFOPLIST_KEY_UIStatusBarStyle[sdk=iphonesimulator*]" = UIStatusBarStyleDefault;
				INFOPLIST_KEY_UISupportedInterfaceOrientations_iPad = "UIInterfaceOrientationPortrait UIInterfaceOrientationPortraitUpsideDown UIInterfaceOrientationLandscapeLeft UIInterfaceOrientationLandscapeRight";
				INFOPLIST_KEY_UISupportedInterfaceOrientations_iPhone = "UIInterfaceOrientationPortrait UIInterfaceOrientationLandscapeLeft UIInterfaceOrientationLandscapeRight";
				IPHONEOS_DEPLOYMENT_TARGET = 16.2;
				LD_RUNPATH_SEARCH_PATHS = "@executable_path/Frameworks";
				"LD_RUNPATH_SEARCH_PATHS[sdk=macosx*]" = "@executable_path/../Frameworks";
				MACOSX_DEPLOYMENT_TARGET = 13.0;
				MARKETING_VERSION = 1.0;
				PRODUCT_BUNDLE_IDENTIFIER = com.UsamaNaseer.AssesmentTask;
				PRODUCT_NAME = "$(TARGET_NAME)";
				SDKROOT = auto;
				SUPPORTED_PLATFORMS = "iphoneos iphonesimulator macosx";
				SWIFT_EMIT_LOC_STRINGS = YES;
				SWIFT_VERSION = 5.0;
				TARGETED_DEVICE_FAMILY = "1,2";
			};
			name = Debug;
		};
		0003A7782989208A00890B0B /* Release */ = {
			isa = XCBuildConfiguration;
			buildSettings = {
				ASSETCATALOG_COMPILER_APPICON_NAME = AppIcon;
				ASSETCATALOG_COMPILER_GLOBAL_ACCENT_COLOR_NAME = AccentColor;
				CODE_SIGN_ENTITLEMENTS = AssesmentTask/AssesmentTask.entitlements;
				CODE_SIGN_STYLE = Automatic;
				CURRENT_PROJECT_VERSION = 1;
				DEVELOPMENT_ASSET_PATHS = "\"AssesmentTask/Preview Content\"";
				ENABLE_PREVIEWS = YES;
				GENERATE_INFOPLIST_FILE = YES;
				"INFOPLIST_KEY_UIApplicationSceneManifest_Generation[sdk=iphoneos*]" = YES;
				"INFOPLIST_KEY_UIApplicationSceneManifest_Generation[sdk=iphonesimulator*]" = YES;
				"INFOPLIST_KEY_UIApplicationSupportsIndirectInputEvents[sdk=iphoneos*]" = YES;
				"INFOPLIST_KEY_UIApplicationSupportsIndirectInputEvents[sdk=iphonesimulator*]" = YES;
				"INFOPLIST_KEY_UILaunchScreen_Generation[sdk=iphoneos*]" = YES;
				"INFOPLIST_KEY_UILaunchScreen_Generation[sdk=iphonesimulator*]" = YES;
				"INFOPLIST_KEY_UIStatusBarStyle[sdk=iphoneos*]" = UIStatusBarStyleDefault;
				"INFOPLIST_KEY_UIStatusBarStyle[sdk=iphonesimulator*]" = UIStatusBarStyleDefault;
				INFOPLIST_KEY_UISupportedInterfaceOrientations_iPad = "UIInterfaceOrientationPortrait UIInterfaceOrientationPortraitUpsideDown UIInterfaceOrientationLandscapeLeft UIInterfaceOrientationLandscapeRight";
				INFOPLIST_KEY_UISupportedInterfaceOrientations_iPhone = "UIInterfaceOrientationPortrait UIInterfaceOrientationLandscapeLeft UIInterfaceOrientationLandscapeRight";
				IPHONEOS_DEPLOYMENT_TARGET = 16.2;
				LD_RUNPATH_SEARCH_PATHS = "@executable_path/Frameworks";
				"LD_RUNPATH_SEARCH_PATHS[sdk=macosx*]" = "@executable_path/../Frameworks";
				MACOSX_DEPLOYMENT_TARGET = 13.0;
				MARKETING_VERSION = 1.0;
				PRODUCT_BUNDLE_IDENTIFIER = com.UsamaNaseer.AssesmentTask;
				PRODUCT_NAME = "$(TARGET_NAME)";
				SDKROOT = auto;
				SUPPORTED_PLATFORMS = "iphoneos iphonesimulator macosx";
				SWIFT_EMIT_LOC_STRINGS = YES;
				SWIFT_VERSION = 5.0;
				TARGETED_DEVICE_FAMILY = "1,2";
			};
			name = Release;
		};
		0003A77A2989208A00890B0B /* Debug */ = {
			isa = XCBuildConfiguration;
			buildSettings = {
				ALWAYS_EMBED_SWIFT_STANDARD_LIBRARIES = YES;
				BUNDLE_LOADER = "$(TEST_HOST)";
				CODE_SIGN_STYLE = Automatic;
				CURRENT_PROJECT_VERSION = 1;
				GENERATE_INFOPLIST_FILE = YES;
				IPHONEOS_DEPLOYMENT_TARGET = 16.2;
				MACOSX_DEPLOYMENT_TARGET = 13.0;
				MARKETING_VERSION = 1.0;
				PRODUCT_BUNDLE_IDENTIFIER = com.UsamaNaseer.AssesmentTaskTests;
				PRODUCT_NAME = "$(TARGET_NAME)";
				SDKROOT = auto;
				SUPPORTED_PLATFORMS = "iphoneos iphonesimulator macosx";
				SWIFT_EMIT_LOC_STRINGS = NO;
				SWIFT_VERSION = 5.0;
				TARGETED_DEVICE_FAMILY = "1,2";
				TEST_HOST = "$(BUILT_PRODUCTS_DIR)/AssesmentTask.app/$(BUNDLE_EXECUTABLE_FOLDER_PATH)/AssesmentTask";
			};
			name = Debug;
		};
		0003A77B2989208A00890B0B /* Release */ = {
			isa = XCBuildConfiguration;
			buildSettings = {
				ALWAYS_EMBED_SWIFT_STANDARD_LIBRARIES = YES;
				BUNDLE_LOADER = "$(TEST_HOST)";
				CODE_SIGN_STYLE = Automatic;
				CURRENT_PROJECT_VERSION = 1;
				GENERATE_INFOPLIST_FILE = YES;
				IPHONEOS_DEPLOYMENT_TARGET = 16.2;
				MACOSX_DEPLOYMENT_TARGET = 13.0;
				MARKETING_VERSION = 1.0;
				PRODUCT_BUNDLE_IDENTIFIER = com.UsamaNaseer.AssesmentTaskTests;
				PRODUCT_NAME = "$(TARGET_NAME)";
				SDKROOT = auto;
				SUPPORTED_PLATFORMS = "iphoneos iphonesimulator macosx";
				SWIFT_EMIT_LOC_STRINGS = NO;
				SWIFT_VERSION = 5.0;
				TARGETED_DEVICE_FAMILY = "1,2";
				TEST_HOST = "$(BUILT_PRODUCTS_DIR)/AssesmentTask.app/$(BUNDLE_EXECUTABLE_FOLDER_PATH)/AssesmentTask";
			};
			name = Release;
		};
		0003A77D2989208A00890B0B /* Debug */ = {
			isa = XCBuildConfiguration;
			buildSettings = {
				ALWAYS_EMBED_SWIFT_STANDARD_LIBRARIES = YES;
				CODE_SIGN_STYLE = Automatic;
				CURRENT_PROJECT_VERSION = 1;
				GENERATE_INFOPLIST_FILE = YES;
				IPHONEOS_DEPLOYMENT_TARGET = 16.2;
				MACOSX_DEPLOYMENT_TARGET = 13.0;
				MARKETING_VERSION = 1.0;
				PRODUCT_BUNDLE_IDENTIFIER = com.UsamaNaseer.AssesmentTaskUITests;
				PRODUCT_NAME = "$(TARGET_NAME)";
				SDKROOT = auto;
				SUPPORTED_PLATFORMS = "iphoneos iphonesimulator macosx";
				SWIFT_EMIT_LOC_STRINGS = NO;
				SWIFT_VERSION = 5.0;
				TARGETED_DEVICE_FAMILY = "1,2";
				TEST_TARGET_NAME = AssesmentTask;
			};
			name = Debug;
		};
		0003A77E2989208A00890B0B /* Release */ = {
			isa = XCBuildConfiguration;
			buildSettings = {
				ALWAYS_EMBED_SWIFT_STANDARD_LIBRARIES = YES;
				CODE_SIGN_STYLE = Automatic;
				CURRENT_PROJECT_VERSION = 1;
				GENERATE_INFOPLIST_FILE = YES;
				IPHONEOS_DEPLOYMENT_TARGET = 16.2;
				MACOSX_DEPLOYMENT_TARGET = 13.0;
				MARKETING_VERSION = 1.0;
				PRODUCT_BUNDLE_IDENTIFIER = com.UsamaNaseer.AssesmentTaskUITests;
				PRODUCT_NAME = "$(TARGET_NAME)";
				SDKROOT = auto;
				SUPPORTED_PLATFORMS = "iphoneos iphonesimulator macosx";
				SWIFT_EMIT_LOC_STRINGS = NO;
				SWIFT_VERSION = 5.0;
				TARGETED_DEVICE_FAMILY = "1,2";
				TEST_TARGET_NAME = AssesmentTask;
			};
			name = Release;
		};
/* End XCBuildConfiguration section */

/* Begin XCConfigurationList section */
		0003A74C2989208700890B0B /* Build configuration list for PBXProject "AssesmentTask" */ = {
			isa = XCConfigurationList;
			buildConfigurations = (
				0003A7742989208A00890B0B /* Debug */,
				0003A7752989208A00890B0B /* Release */,
			);
			defaultConfigurationIsVisible = 0;
			defaultConfigurationName = Release;
		};
		0003A7762989208A00890B0B /* Build configuration list for PBXNativeTarget "AssesmentTask" */ = {
			isa = XCConfigurationList;
			buildConfigurations = (
				0003A7772989208A00890B0B /* Debug */,
				0003A7782989208A00890B0B /* Release */,
			);
			defaultConfigurationIsVisible = 0;
			defaultConfigurationName = Release;
		};
		0003A7792989208A00890B0B /* Build configuration list for PBXNativeTarget "AssesmentTaskTests" */ = {
			isa = XCConfigurationList;
			buildConfigurations = (
				0003A77A2989208A00890B0B /* Debug */,
				0003A77B2989208A00890B0B /* Release */,
			);
			defaultConfigurationIsVisible = 0;
			defaultConfigurationName = Release;
		};
		0003A77C2989208A00890B0B /* Build configuration list for PBXNativeTarget "AssesmentTaskUITests" */ = {
			isa = XCConfigurationList;
			buildConfigurations = (
				0003A77D2989208A00890B0B /* Debug */,
				0003A77E2989208A00890B0B /* Release */,
			);
			defaultConfigurationIsVisible = 0;
			defaultConfigurationName = Release;
		};
/* End XCConfigurationList section */
	};
	rootObject = 0003A7492989208700890B0B /* Project object */;
}
